{
  "name": "izmir-kesinti-takip",
  "version": "1.0.2",
  "lockfileVersion": 3,
  "requires": true,
  "packages": {
    "": {
      "name": "izmir-kesinti-takip",
      "version": "1.0.2",
      "dependencies": {
        "@expo/metro-runtime": "~4.0.1",
        "expo": "~52.0.0",
        "expo-constants": "~17.0.0",
        "expo-device": "~7.0.0",
        "expo-notifications": "~0.29.0",
        "expo-status-bar": "~2.0.0",
        "lucide-react-native": "^0.475.0",
        "react": "18.3.1",
        "react-native": "0.76.6",
        "react-native-svg": "15.8.0"
      }
    }
  }
}
